
Microsoft Visual Studio Solution File, Format Version 11.00
# Visual Studio 2010
Project("{FAE04EC0-301F-11D3-BF4B-00C04F79EFBC}") = "PrototipoUpdateDll", "PrototipoUpdateDll\PrototipoUpdateDll.csproj", "{8640121C-1999-4312-A88A-9355F8C1A695}"
EndProject
Global
	GlobalSection(SolutionConfigurationPlatforms) = preSolution
		Debug|Any CPU = Debug|Any CPU
		Release|Any CPU = Release|Any CPU
	EndGlobalSection
	GlobalSection(ProjectConfigurationPlatforms) = postSolution
		{8640121C-1999-4312-A88A-9355F8C1A695}.Debug|Any CPU.ActiveCfg = Debug|Any CPU
		{8640121C-1999-4312-A88A-9355F8C1A695}.Debug|Any CPU.Build.0 = Debug|Any CPU
		{8640121C-1999-4312-A88A-9355F8C1A695}.Release|Any CPU.ActiveCfg = Release|Any CPU
		{8640121C-1999-4312-A88A-9355F8C1A695}.Release|Any CPU.Build.0 = Release|Any CPU
	EndGlobalSection
	GlobalSection(SolutionProperties) = preSolution
		HideSolutionNode = FALSE
	EndGlobalSection
	GlobalSection(ExtensibilityGlobals) = postSolution
		VisualSVNWorkingCopyRoot = .
	EndGlobalSection
EndGlobal
